// !$*UTF8*$!
{
	archiveVersion = 1;
	classes = {
	};
	objectVersion = 55;
	objects = {

/* Begin PBXBuildFile section */
		D2D6DFB92905652C008FD9C2 /* AppDelegate.swift in Sources */ = {isa = PBXBuildFile; fileRef = D2D6DFB82905652C008FD9C2 /* AppDelegate.swift */; };
		D2D6DFBB2905652C008FD9C2 /* SceneDelegate.swift in Sources */ = {isa = PBXBuildFile; fileRef = D2D6DFBA2905652C008FD9C2 /* SceneDelegate.swift */; };
		D2D6DFBD2905652C008FD9C2 /* HomeViewController.swift in Sources */ = {isa = PBXBuildFile; fileRef = D2D6DFBC2905652C008FD9C2 /* HomeViewController.swift */; };
		D2D6DFC02905652C008FD9C2 /* Main.storyboard in Resources */ = {isa = PBXBuildFile; fileRef = D2D6DFBE2905652C008FD9C2 /* Main.storyboard */; };
		D2D6DFC22905652E008FD9C2 /* Assets.xcassets in Resources */ = {isa = PBXBuildFile; fileRef = D2D6DFC12905652E008FD9C2 /* Assets.xcassets */; };
		D2D6DFC52905652E008FD9C2 /* LaunchScreen.storyboard in Resources */ = {isa = PBXBuildFile; fileRef = D2D6DFC32905652E008FD9C2 /* LaunchScreen.storyboard */; };
		D2D6DFD2290566C5008FD9C2 /* ExploreViewController.swift in Sources */ = {isa = PBXBuildFile; fileRef = D2D6DFD1290566C5008FD9C2 /* ExploreViewController.swift */; };
		D2D6DFD4290569E6008FD9C2 /* CameraViewController.swift in Sources */ = {isa = PBXBuildFile; fileRef = D2D6DFD3290569E6008FD9C2 /* CameraViewController.swift */; };
		D2D6DFD629056A12008FD9C2 /* NotificationsViewController.swift in Sources */ = {isa = PBXBuildFile; fileRef = D2D6DFD529056A12008FD9C2 /* NotificationsViewController.swift */; };
		D2D6DFD829056A2E008FD9C2 /* ProfileViewController.swift in Sources */ = {isa = PBXBuildFile; fileRef = D2D6DFD729056A2E008FD9C2 /* ProfileViewController.swift */; };
		D2D6DFDD29056B8B008FD9C2 /* LoginViewController.swift in Sources */ = {isa = PBXBuildFile; fileRef = D2D6DFDC29056B8B008FD9C2 /* LoginViewController.swift */; };
		D2D6DFDF29056BA9008FD9C2 /* RegistrationViewController.swift in Sources */ = {isa = PBXBuildFile; fileRef = D2D6DFDE29056BA9008FD9C2 /* RegistrationViewController.swift */; };
		D2D6DFE129056C17008FD9C2 /* PostViewController.swift in Sources */ = {isa = PBXBuildFile; fileRef = D2D6DFE029056C17008FD9C2 /* PostViewController.swift */; };
		D2D6DFE329056C43008FD9C2 /* EditProfileViewController.swift in Sources */ = {isa = PBXBuildFile; fileRef = D2D6DFE229056C43008FD9C2 /* EditProfileViewController.swift */; };
		D2D6DFE529057022008FD9C2 /* SettingsViewController.swift in Sources */ = {isa = PBXBuildFile; fileRef = D2D6DFE429057022008FD9C2 /* SettingsViewController.swift */; };
		D2D6DFE729057045008FD9C2 /* ListViewController.swift in Sources */ = {isa = PBXBuildFile; fileRef = D2D6DFE629057045008FD9C2 /* ListViewController.swift */; };
		D2D6DFE929057062008FD9C2 /* SearchViewController.swift in Sources */ = {isa = PBXBuildFile; fileRef = D2D6DFE829057062008FD9C2 /* SearchViewController.swift */; };
		D2D6DFEB2905707A008FD9C2 /* SearchResultViewController.swift in Sources */ = {isa = PBXBuildFile; fileRef = D2D6DFEA2905707A008FD9C2 /* SearchResultViewController.swift */; };
		D2D6DFED290570AB008FD9C2 /* PostEditorViewController.swift in Sources */ = {isa = PBXBuildFile; fileRef = D2D6DFEC290570AB008FD9C2 /* PostEditorViewController.swift */; };
		D2D6DFEF290570D2008FD9C2 /* PublishPostViewController.swift in Sources */ = {isa = PBXBuildFile; fileRef = D2D6DFEE290570D2008FD9C2 /* PublishPostViewController.swift */; };
/* End PBXBuildFile section */

/* Begin PBXFileReference section */
		D2D6DFB52905652C008FD9C2 /* instagram.app */ = {isa = PBXFileReference; explicitFileType = wrapper.application; includeInIndex = 0; path = instagram.app; sourceTree = BUILT_PRODUCTS_DIR; };
		D2D6DFB82905652C008FD9C2 /* AppDelegate.swift */ = {isa = PBXFileReference; lastKnownFileType = sourcecode.swift; path = AppDelegate.swift; sourceTree = "<group>"; };
		D2D6DFBA2905652C008FD9C2 /* SceneDelegate.swift */ = {isa = PBXFileReference; lastKnownFileType = sourcecode.swift; path = SceneDelegate.swift; sourceTree = "<group>"; };
		D2D6DFBC2905652C008FD9C2 /* HomeViewController.swift */ = {isa = PBXFileReference; lastKnownFileType = sourcecode.swift; path = HomeViewController.swift; sourceTree = "<group>"; };
		D2D6DFBF2905652C008FD9C2 /* Base */ = {isa = PBXFileReference; lastKnownFileType = file.storyboard; name = Base; path = Base.lproj/Main.storyboard; sourceTree = "<group>"; };
		D2D6DFC12905652E008FD9C2 /* Assets.xcassets */ = {isa = PBXFileReference; lastKnownFileType = folder.assetcatalog; path = Assets.xcassets; sourceTree = "<group>"; };
		D2D6DFC42905652E008FD9C2 /* Base */ = {isa = PBXFileReference; lastKnownFileType = file.storyboard; name = Base; path = Base.lproj/LaunchScreen.storyboard; sourceTree = "<group>"; };
		D2D6DFC62905652E008FD9C2 /* Info.plist */ = {isa = PBXFileReference; lastKnownFileType = text.plist.xml; path = Info.plist; sourceTree = "<group>"; };
		D2D6DFD1290566C5008FD9C2 /* ExploreViewController.swift */ = {isa = PBXFileReference; lastKnownFileType = sourcecode.swift; path = ExploreViewController.swift; sourceTree = "<group>"; };
		D2D6DFD3290569E6008FD9C2 /* CameraViewController.swift */ = {isa = PBXFileReference; lastKnownFileType = sourcecode.swift; path = CameraViewController.swift; sourceTree = "<group>"; };
		D2D6DFD529056A12008FD9C2 /* NotificationsViewController.swift */ = {isa = PBXFileReference; lastKnownFileType = sourcecode.swift; path = NotificationsViewController.swift; sourceTree = "<group>"; };
		D2D6DFD729056A2E008FD9C2 /* ProfileViewController.swift */ = {isa = PBXFileReference; lastKnownFileType = sourcecode.swift; path = ProfileViewController.swift; sourceTree = "<group>"; };
		D2D6DFDC29056B8B008FD9C2 /* LoginViewController.swift */ = {isa = PBXFileReference; lastKnownFileType = sourcecode.swift; path = LoginViewController.swift; sourceTree = "<group>"; };
		D2D6DFDE29056BA9008FD9C2 /* RegistrationViewController.swift */ = {isa = PBXFileReference; lastKnownFileType = sourcecode.swift; path = RegistrationViewController.swift; sourceTree = "<group>"; };
		D2D6DFE029056C17008FD9C2 /* PostViewController.swift */ = {isa = PBXFileReference; lastKnownFileType = sourcecode.swift; path = PostViewController.swift; sourceTree = "<group>"; };
		D2D6DFE229056C43008FD9C2 /* EditProfileViewController.swift */ = {isa = PBXFileReference; lastKnownFileType = sourcecode.swift; path = EditProfileViewController.swift; sourceTree = "<group>"; };
		D2D6DFE429057022008FD9C2 /* SettingsViewController.swift */ = {isa = PBXFileReference; lastKnownFileType = sourcecode.swift; path = SettingsViewController.swift; sourceTree = "<group>"; };
		D2D6DFE629057045008FD9C2 /* ListViewController.swift */ = {isa = PBXFileReference; lastKnownFileType = sourcecode.swift; path = ListViewController.swift; sourceTree = "<group>"; };
		D2D6DFE829057062008FD9C2 /* SearchViewController.swift */ = {isa = PBXFileReference; lastKnownFileType = sourcecode.swift; path = SearchViewController.swift; sourceTree = "<group>"; };
		D2D6DFEA2905707A008FD9C2 /* SearchResultViewController.swift */ = {isa = PBXFileReference; lastKnownFileType = sourcecode.swift; path = SearchResultViewController.swift; sourceTree = "<group>"; };
		D2D6DFEC290570AB008FD9C2 /* PostEditorViewController.swift */ = {isa = PBXFileReference; lastKnownFileType = sourcecode.swift; path = PostEditorViewController.swift; sourceTree = "<group>"; };
		D2D6DFEE290570D2008FD9C2 /* PublishPostViewController.swift */ = {isa = PBXFileReference; lastKnownFileType = sourcecode.swift; path = PublishPostViewController.swift; sourceTree = "<group>"; };
/* End PBXFileReference section */

/* Begin PBXFrameworksBuildPhase section */
		D2D6DFB22905652C008FD9C2 /* Frameworks */ = {
			isa = PBXFrameworksBuildPhase;
			buildActionMask = 2147483647;
			files = (
			);
			runOnlyForDeploymentPostprocessing = 0;
		};
/* End PBXFrameworksBuildPhase section */

/* Begin PBXGroup section */
		D2D6DFAC2905652C008FD9C2 = {
			isa = PBXGroup;
			children = (
				D2D6DFB72905652C008FD9C2 /* instagram */,
				D2D6DFB62905652C008FD9C2 /* Products */,
			);
			sourceTree = "<group>";
		};
		D2D6DFB62905652C008FD9C2 /* Products */ = {
			isa = PBXGroup;
			children = (
				D2D6DFB52905652C008FD9C2 /* instagram.app */,
			);
			name = Products;
			sourceTree = "<group>";
		};
		D2D6DFB72905652C008FD9C2 /* instagram */ = {
			isa = PBXGroup;
			children = (
				D2D6DFCC29056538008FD9C2 /* Resources */,
				D2D6DFCD29056547008FD9C2 /* Models */,
				D2D6DFCE29056554008FD9C2 /* Views */,
				D2D6DFCF290565A7008FD9C2 /* Controllers */,
				D2D6DFC62905652E008FD9C2 /* Info.plist */,
			);
			path = instagram;
			sourceTree = "<group>";
		};
		D2D6DFCC29056538008FD9C2 /* Resources */ = {
			isa = PBXGroup;
			children = (
				D2D6DFB82905652C008FD9C2 /* AppDelegate.swift */,
				D2D6DFBA2905652C008FD9C2 /* SceneDelegate.swift */,
			);
			path = Resources;
			sourceTree = "<group>";
		};
		D2D6DFCD29056547008FD9C2 /* Models */ = {
			isa = PBXGroup;
			children = (
			);
			path = Models;
			sourceTree = "<group>";
		};
		D2D6DFCE29056554008FD9C2 /* Views */ = {
			isa = PBXGroup;
			children = (
				D2D6DFC12905652E008FD9C2 /* Assets.xcassets */,
				D2D6DFD029056620008FD9C2 /* Storyboards */,
			);
			path = Views;
			sourceTree = "<group>";
		};
		D2D6DFCF290565A7008FD9C2 /* Controllers */ = {
			isa = PBXGroup;
			children = (
				D2D6DFDA29056B06008FD9C2 /* Oter */,
				D2D6DFD929056A50008FD9C2 /* Core Tabs */,
			);
			path = Controllers;
			sourceTree = "<group>";
		};
		D2D6DFD029056620008FD9C2 /* Storyboards */ = {
			isa = PBXGroup;
			children = (
				D2D6DFBE2905652C008FD9C2 /* Main.storyboard */,
				D2D6DFC32905652E008FD9C2 /* LaunchScreen.storyboard */,
			);
			path = Storyboards;
			sourceTree = "<group>";
		};
		D2D6DFD929056A50008FD9C2 /* Core Tabs */ = {
			isa = PBXGroup;
			children = (
				D2D6DFBC2905652C008FD9C2 /* HomeViewController.swift */,
				D2D6DFD1290566C5008FD9C2 /* ExploreViewController.swift */,
				D2D6DFD3290569E6008FD9C2 /* CameraViewController.swift */,
				D2D6DFD529056A12008FD9C2 /* NotificationsViewController.swift */,
				D2D6DFD729056A2E008FD9C2 /* ProfileViewController.swift */,
			);
			path = "Core Tabs";
			sourceTree = "<group>";
		};
		D2D6DFDA29056B06008FD9C2 /* Oter */ = {
			isa = PBXGroup;
			children = (
				D2D6DFDB29056B1F008FD9C2 /* Onboarding */,
				D2D6DFE029056C17008FD9C2 /* PostViewController.swift */,
				D2D6DFE229056C43008FD9C2 /* EditProfileViewController.swift */,
				D2D6DFE429057022008FD9C2 /* SettingsViewController.swift */,
				D2D6DFE629057045008FD9C2 /* ListViewController.swift */,
				D2D6DFE829057062008FD9C2 /* SearchViewController.swift */,
				D2D6DFEA2905707A008FD9C2 /* SearchResultViewController.swift */,
				D2D6DFEC290570AB008FD9C2 /* PostEditorViewController.swift */,
				D2D6DFEE290570D2008FD9C2 /* PublishPostViewController.swift */,
			);
			path = Oter;
			sourceTree = "<group>";
		};
		D2D6DFDB29056B1F008FD9C2 /* Onboarding */ = {
			isa = PBXGroup;
			children = (
				D2D6DFDC29056B8B008FD9C2 /* LoginViewController.swift */,
				D2D6DFDE29056BA9008FD9C2 /* RegistrationViewController.swift */,
			);
			path = Onboarding;
			sourceTree = "<group>";
		};
/* End PBXGroup section */

/* Begin PBXNativeTarget section */
		D2D6DFB42905652C008FD9C2 /* instagram */ = {
			isa = PBXNativeTarget;
			buildConfigurationList = D2D6DFC92905652E008FD9C2 /* Build configuration list for PBXNativeTarget "instagram" */;
			buildPhases = (
				D2D6DFB12905652C008FD9C2 /* Sources */,
				D2D6DFB22905652C008FD9C2 /* Frameworks */,
				D2D6DFB32905652C008FD9C2 /* Resources */,
			);
			buildRules = (
			);
			dependencies = (
			);
			name = instagram;
			productName = instagram;
			productReference = D2D6DFB52905652C008FD9C2 /* instagram.app */;
			productType = "com.apple.product-type.application";
		};
/* End PBXNativeTarget section */

/* Begin PBXProject section */
		D2D6DFAD2905652C008FD9C2 /* Project object */ = {
			isa = PBXProject;
			attributes = {
				BuildIndependentTargetsInParallel = 1;
				LastSwiftUpdateCheck = 1340;
				LastUpgradeCheck = 1340;
				TargetAttributes = {
					D2D6DFB42905652C008FD9C2 = {
						CreatedOnToolsVersion = 13.4.1;
					};
				};
			};
			buildConfigurationList = D2D6DFB02905652C008FD9C2 /* Build configuration list for PBXProject "instagram" */;
			compatibilityVersion = "Xcode 13.0";
			developmentRegion = en;
			hasScannedForEncodings = 0;
			knownRegions = (
				en,
				Base,
			);
			mainGroup = D2D6DFAC2905652C008FD9C2;
			productRefGroup = D2D6DFB62905652C008FD9C2 /* Products */;
			projectDirPath = "";
			projectRoot = "";
			targets = (
				D2D6DFB42905652C008FD9C2 /* instagram */,
			);
		};
/* End PBXProject section */

/* Begin PBXResourcesBuildPhase section */
		D2D6DFB32905652C008FD9C2 /* Resources */ = {
			isa = PBXResourcesBuildPhase;
			buildActionMask = 2147483647;
			files = (
				D2D6DFC52905652E008FD9C2 /* LaunchScreen.storyboard in Resources */,
				D2D6DFC22905652E008FD9C2 /* Assets.xcassets in Resources */,
				D2D6DFC02905652C008FD9C2 /* Main.storyboard in Resources */,
			);
			runOnlyForDeploymentPostprocessing = 0;
		};
/* End PBXResourcesBuildPhase section */

/* Begin PBXSourcesBuildPhase section */
		D2D6DFB12905652C008FD9C2 /* Sources */ = {
			isa = PBXSourcesBuildPhase;
			buildActionMask = 2147483647;
			files = (
				D2D6DFE329056C43008FD9C2 /* EditProfileViewController.swift in Sources */,
				D2D6DFD2290566C5008FD9C2 /* ExploreViewController.swift in Sources */,
				D2D6DFEF290570D2008FD9C2 /* PublishPostViewController.swift in Sources */,
				D2D6DFD4290569E6008FD9C2 /* CameraViewController.swift in Sources */,
				D2D6DFBD2905652C008FD9C2 /* HomeViewController.swift in Sources */,
				D2D6DFDF29056BA9008FD9C2 /* RegistrationViewController.swift in Sources */,
				D2D6DFED290570AB008FD9C2 /* PostEditorViewController.swift in Sources */,
				D2D6DFE129056C17008FD9C2 /* PostViewController.swift in Sources */,
				D2D6DFD629056A12008FD9C2 /* NotificationsViewController.swift in Sources */,
				D2D6DFEB2905707A008FD9C2 /* SearchResultViewController.swift in Sources */,
				D2D6DFDD29056B8B008FD9C2 /* LoginViewController.swift in Sources */,
				D2D6DFE929057062008FD9C2 /* SearchViewController.swift in Sources */,
				D2D6DFD829056A2E008FD9C2 /* ProfileViewController.swift in Sources */,
				D2D6DFB92905652C008FD9C2 /* AppDelegate.swift in Sources */,
				D2D6DFBB2905652C008FD9C2 /* SceneDelegate.swift in Sources */,
				D2D6DFE729057045008FD9C2 /* ListViewController.swift in Sources */,
				D2D6DFE529057022008FD9C2 /* SettingsViewController.swift in Sources */,
			);
			runOnlyForDeploymentPostprocessing = 0;
		};
/* End PBXSourcesBuildPhase section */

/* Begin PBXVariantGroup section */
		D2D6DFBE2905652C008FD9C2 /* Main.storyboard */ = {
			isa = PBXVariantGroup;
			children = (
				D2D6DFBF2905652C008FD9C2 /* Base */,
			);
			name = Main.storyboard;
			sourceTree = "<group>";
		};
		D2D6DFC32905652E008FD9C2 /* LaunchScreen.storyboard */ = {
			isa = PBXVariantGroup;
			children = (
				D2D6DFC42905652E008FD9C2 /* Base */,
			);
			name = LaunchScreen.storyboard;
			sourceTree = "<group>";
		};
/* End PBXVariantGroup section */

/* Begin XCBuildConfiguration section */
		D2D6DFC72905652E008FD9C2 /* Debug */ = {
			isa = XCBuildConfiguration;
			buildSettings = {
				ALWAYS_SEARCH_USER_PATHS = NO;
				CLANG_ANALYZER_NONNULL = YES;
				CLANG_ANALYZER_NUMBER_OBJECT_CONVERSION = YES_AGGRESSIVE;
				CLANG_CXX_LANGUAGE_STANDARD = "gnu++17";
				CLANG_ENABLE_MODULES = YES;
				CLANG_ENABLE_OBJC_ARC = YES;
				CLANG_ENABLE_OBJC_WEAK = YES;
				CLANG_WARN_BLOCK_CAPTURE_AUTORELEASING = YES;
				CLANG_WARN_BOOL_CONVERSION = YES;
				CLANG_WARN_COMMA = YES;
				CLANG_WARN_CONSTANT_CONVERSION = YES;
				CLANG_WARN_DEPRECATED_OBJC_IMPLEMENTATIONS = YES;
				CLANG_WARN_DIRECT_OBJC_ISA_USAGE = YES_ERROR;
				CLANG_WARN_DOCUMENTATION_COMMENTS = YES;
				CLANG_WARN_EMPTY_BODY = YES;
				CLANG_WARN_ENUM_CONVERSION = YES;
				CLANG_WARN_INFINITE_RECURSION = YES;
				CLANG_WARN_INT_CONVERSION = YES;
				CLANG_WARN_NON_LITERAL_NULL_CONVERSION = YES;
				CLANG_WARN_OBJC_IMPLICIT_RETAIN_SELF = YES;
				CLANG_WARN_OBJC_LITERAL_CONVERSION = YES;
				CLANG_WARN_OBJC_ROOT_CLASS = YES_ERROR;
				CLANG_WARN_QUOTED_INCLUDE_IN_FRAMEWORK_HEADER = YES;
				CLANG_WARN_RANGE_LOOP_ANALYSIS = YES;
				CLANG_WARN_STRICT_PROTOTYPES = YES;
				CLANG_WARN_SUSPICIOUS_MOVE = YES;
				CLANG_WARN_UNGUARDED_AVAILABILITY = YES_AGGRESSIVE;
				CLANG_WARN_UNREACHABLE_CODE = YES;
				CLANG_WARN__DUPLICATE_METHOD_MATCH = YES;
				COPY_PHASE_STRIP = NO;
				DEBUG_INFORMATION_FORMAT = dwarf;
				ENABLE_STRICT_OBJC_MSGSEND = YES;
				ENABLE_TESTABILITY = YES;
				GCC_C_LANGUAGE_STANDARD = gnu11;
				GCC_DYNAMIC_NO_PIC = NO;
				GCC_NO_COMMON_BLOCKS = YES;
				GCC_OPTIMIZATION_LEVEL = 0;
				GCC_PREPROCESSOR_DEFINITIONS = (
					"DEBUG=1",
					"$(inherited)",
				);
				GCC_WARN_64_TO_32_BIT_CONVERSION = YES;
				GCC_WARN_ABOUT_RETURN_TYPE = YES_ERROR;
				GCC_WARN_UNDECLARED_SELECTOR = YES;
				GCC_WARN_UNINITIALIZED_AUTOS = YES_AGGRESSIVE;
				GCC_WARN_UNUSED_FUNCTION = YES;
				GCC_WARN_UNUSED_VARIABLE = YES;
				IPHONEOS_DEPLOYMENT_TARGET = 15.5;
				MTL_ENABLE_DEBUG_INFO = INCLUDE_SOURCE;
				MTL_FAST_MATH = YES;
				ONLY_ACTIVE_ARCH = YES;
				SDKROOT = iphoneos;
				SWIFT_ACTIVE_COMPILATION_CONDITIONS = DEBUG;
				SWIFT_OPTIMIZATION_LEVEL = "-Onone";
			};
			name = Debug;
		};
		D2D6DFC82905652E008FD9C2 /* Release */ = {
			isa = XCBuildConfiguration;
			buildSettings = {
				ALWAYS_SEARCH_USER_PATHS = NO;
				CLANG_ANALYZER_NONNULL = YES;
				CLANG_ANALYZER_NUMBER_OBJECT_CONVERSION = YES_AGGRESSIVE;
				CLANG_CXX_LANGUAGE_STANDARD = "gnu++17";
				CLANG_ENABLE_MODULES = YES;
				CLANG_ENABLE_OBJC_ARC = YES;
				CLANG_ENABLE_OBJC_WEAK = YES;
				CLANG_WARN_BLOCK_CAPTURE_AUTORELEASING = YES;
				CLANG_WARN_BOOL_CONVERSION = YES;
				CLANG_WARN_COMMA = YES;
				CLANG_WARN_CONSTANT_CONVERSION = YES;
				CLANG_WARN_DEPRECATED_OBJC_IMPLEMENTATIONS = YES;
				CLANG_WARN_DIRECT_OBJC_ISA_USAGE = YES_ERROR;
				CLANG_WARN_DOCUMENTATION_COMMENTS = YES;
				CLANG_WARN_EMPTY_BODY = YES;
				CLANG_WARN_ENUM_CONVERSION = YES;
				CLANG_WARN_INFINITE_RECURSION = YES;
				CLANG_WARN_INT_CONVERSION = YES;
				CLANG_WARN_NON_LITERAL_NULL_CONVERSION = YES;
				CLANG_WARN_OBJC_IMPLICIT_RETAIN_SELF = YES;
				CLANG_WARN_OBJC_LITERAL_CONVERSION = YES;
				CLANG_WARN_OBJC_ROOT_CLASS = YES_ERROR;
				CLANG_WARN_QUOTED_INCLUDE_IN_FRAMEWORK_HEADER = YES;
				CLANG_WARN_RANGE_LOOP_ANALYSIS = YES;
				CLANG_WARN_STRICT_PROTOTYPES = YES;
				CLANG_WARN_SUSPICIOUS_MOVE = YES;
				CLANG_WARN_UNGUARDED_AVAILABILITY = YES_AGGRESSIVE;
				CLANG_WARN_UNREACHABLE_CODE = YES;
				CLANG_WARN__DUPLICATE_METHOD_MATCH = YES;
				COPY_PHASE_STRIP = NO;
				DEBUG_INFORMATION_FORMAT = "dwarf-with-dsym";
				ENABLE_NS_ASSERTIONS = NO;
				ENABLE_STRICT_OBJC_MSGSEND = YES;
				GCC_C_LANGUAGE_STANDARD = gnu11;
				GCC_NO_COMMON_BLOCKS = YES;
				GCC_WARN_64_TO_32_BIT_CONVERSION = YES;
				GCC_WARN_ABOUT_RETURN_TYPE = YES_ERROR;
				GCC_WARN_UNDECLARED_SELECTOR = YES;
				GCC_WARN_UNINITIALIZED_AUTOS = YES_AGGRESSIVE;
				GCC_WARN_UNUSED_FUNCTION = YES;
				GCC_WARN_UNUSED_VARIABLE = YES;
				IPHONEOS_DEPLOYMENT_TARGET = 15.5;
				MTL_ENABLE_DEBUG_INFO = NO;
				MTL_FAST_MATH = YES;
				SDKROOT = iphoneos;
				SWIFT_COMPILATION_MODE = wholemodule;
				SWIFT_OPTIMIZATION_LEVEL = "-O";
				VALIDATE_PRODUCT = YES;
			};
			name = Release;
		};
		D2D6DFCA2905652E008FD9C2 /* Debug */ = {
			isa = XCBuildConfiguration;
			buildSettings = {
				ASSETCATALOG_COMPILER_APPICON_NAME = AppIcon;
				ASSETCATALOG_COMPILER_GLOBAL_ACCENT_COLOR_NAME = AccentColor;
				CODE_SIGN_STYLE = Automatic;
				CURRENT_PROJECT_VERSION = 1;
				DEVELOPMENT_TEAM = KC9UU75LPG;
				GENERATE_INFOPLIST_FILE = YES;
				INFOPLIST_FILE = instagram/Info.plist;
				INFOPLIST_KEY_UIApplicationSupportsIndirectInputEvents = YES;
				INFOPLIST_KEY_UILaunchStoryboardName = LaunchScreen;
				INFOPLIST_KEY_UIMainStoryboardFile = Main;
				INFOPLIST_KEY_UISupportedInterfaceOrientations_iPad = "UIInterfaceOrientationPortrait UIInterfaceOrientationPortraitUpsideDown UIInterfaceOrientationLandscapeLeft UIInterfaceOrientationLandscapeRight";
				INFOPLIST_KEY_UISupportedInterfaceOrientations_iPhone = "UIInterfaceOrientationPortrait UIInterfaceOrientationLandscapeLeft UIInterfaceOrientationLandscapeRight";
				LD_RUNPATH_SEARCH_PATHS = (
					"$(inherited)",
					"@executable_path/Frameworks",
				);
				MARKETING_VERSION = 1.0;
				PRODUCT_BUNDLE_IDENTIFIER = com.yusa.instagram;
				PRODUCT_NAME = "$(TARGET_NAME)";
				SWIFT_EMIT_LOC_STRINGS = YES;
				SWIFT_VERSION = 5.0;
				TARGETED_DEVICE_FAMILY = "1,2";
			};
			name = Debug;
		};
		D2D6DFCB2905652E008FD9C2 /* Release */ = {
			isa = XCBuildConfiguration;
			buildSettings = {
				ASSETCATALOG_COMPILER_APPICON_NAME = AppIcon;
				ASSETCATALOG_COMPILER_GLOBAL_ACCENT_COLOR_NAME = AccentColor;
				CODE_SIGN_STYLE = Automatic;
				CURRENT_PROJECT_VERSION = 1;
				DEVELOPMENT_TEAM = KC9UU75LPG;
				GENERATE_INFOPLIST_FILE = YES;
				INFOPLIST_FILE = instagram/Info.plist;
				INFOPLIST_KEY_UIApplicationSupportsIndirectInputEvents = YES;
				INFOPLIST_KEY_UILaunchStoryboardName = LaunchScreen;
				INFOPLIST_KEY_UIMainStoryboardFile = Main;
				INFOPLIST_KEY_UISupportedInterfaceOrientations_iPad = "UIInterfaceOrientationPortrait UIInterfaceOrientationPortraitUpsideDown UIInterfaceOrientationLandscapeLeft UIInterfaceOrientationLandscapeRight";
				INFOPLIST_KEY_UISupportedInterfaceOrientations_iPhone = "UIInterfaceOrientationPortrait UIInterfaceOrientationLandscapeLeft UIInterfaceOrientationLandscapeRight";
				LD_RUNPATH_SEARCH_PATHS = (
					"$(inherited)",
					"@executable_path/Frameworks",
				);
				MARKETING_VERSION = 1.0;
				PRODUCT_BUNDLE_IDENTIFIER = com.yusa.instagram;
				PRODUCT_NAME = "$(TARGET_NAME)";
				SWIFT_EMIT_LOC_STRINGS = YES;
				SWIFT_VERSION = 5.0;
				TARGETED_DEVICE_FAMILY = "1,2";
			};
			name = Release;
		};
/* End XCBuildConfiguration section */

/* Begin XCConfigurationList section */
		D2D6DFB02905652C008FD9C2 /* Build configuration list for PBXProject "instagram" */ = {
			isa = XCConfigurationList;
			buildConfigurations = (
				D2D6DFC72905652E008FD9C2 /* Debug */,
				D2D6DFC82905652E008FD9C2 /* Release */,
			);
			defaultConfigurationIsVisible = 0;
			defaultConfigurationName = Release;
		};
		D2D6DFC92905652E008FD9C2 /* Build configuration list for PBXNativeTarget "instagram" */ = {
			isa = XCConfigurationList;
			buildConfigurations = (
				D2D6DFCA2905652E008FD9C2 /* Debug */,
				D2D6DFCB2905652E008FD9C2 /* Release */,
			);
			defaultConfigurationIsVisible = 0;
			defaultConfigurationName = Release;
		};
/* End XCConfigurationList section */
	};
	rootObject = D2D6DFAD2905652C008FD9C2 /* Project object */;
}
